
Microsoft Visual Studio Solution File, Format Version 12.00
# Visual Studio Version 16
VisualStudioVersion = 16.0.30717.126
MinimumVisualStudioVersion = 10.0.40219.1
Project("{FAE04EC0-301F-11D3-BF4B-00C04F79EFBC}") = "Pong", "Pong\Pong.csproj", "{E2AFAA84-3597-4902-85D1-90EE65CD047E}"
EndProject
Global
	GlobalSection(SolutionConfigurationPlatforms) = preSolution
		Debug|Any CPU = Debug|Any CPU
		Release|Any CPU = Release|Any CPU
	EndGlobalSection
	GlobalSection(ProjectConfigurationPlatforms) = postSolution
		{E2AFAA84-3597-4902-85D1-90EE65CD047E}.Debug|Any CPU.ActiveCfg = Debug|Any CPU
		{E2AFAA84-3597-4902-85D1-90EE65CD047E}.Debug|Any CPU.Build.0 = Debug|Any CPU
		{E2AFAA84-3597-4902-85D1-90EE65CD047E}.Release|Any CPU.ActiveCfg = Release|Any CPU
		{E2AFAA84-3597-4902-85D1-90EE65CD047E}.Release|Any CPU.Build.0 = Release|Any CPU
	EndGlobalSection
	GlobalSection(SolutionProperties) = preSolution
		HideSolutionNode = FALSE
	EndGlobalSection
	GlobalSection(ExtensibilityGlobals) = postSolution
		SolutionGuid = {F1E9BCC4-F8E3-49E3-9702-1DA7B5768683}
	EndGlobalSection
EndGlobal
